
Microsoft Visual Studio Solution File, Format Version 12.00
# Visual Studio Version 16
VisualStudioVersion = 16.0.32228.343
MinimumVisualStudioVersion = 10.0.40219.1
Project("{FAE04EC0-301F-11D3-BF4B-00C04F79EFBC}") = "les3_classes", "les3_classes\les3_classes.csproj", "{9292FC8F-9591-4BE3-AA61-35B5776D0572}"
EndProject
Global
	GlobalSection(SolutionConfigurationPlatforms) = preSolution
		Debug|Any CPU = Debug|Any CPU
		Release|Any CPU = Release|Any CPU
	EndGlobalSection
	GlobalSection(ProjectConfigurationPlatforms) = postSolution
		{9292FC8F-9591-4BE3-AA61-35B5776D0572}.Debug|Any CPU.ActiveCfg = Debug|Any CPU
		{9292FC8F-9591-4BE3-AA61-35B5776D0572}.Debug|Any CPU.Build.0 = Debug|Any CPU
		{9292FC8F-9591-4BE3-AA61-35B5776D0572}.Release|Any CPU.ActiveCfg = Release|Any CPU
		{9292FC8F-9591-4BE3-AA61-35B5776D0572}.Release|Any CPU.Build.0 = Release|Any CPU
	EndGlobalSection
	GlobalSection(SolutionProperties) = preSolution
		HideSolutionNode = FALSE
	EndGlobalSection
	GlobalSection(ExtensibilityGlobals) = postSolution
		SolutionGuid = {67D61BEA-665C-4CB6-9C8E-FB22B5E50217}
	EndGlobalSection
EndGlobal
