
Microsoft Visual Studio Solution File, Format Version 12.00
# Visual Studio Version 16
VisualStudioVersion = 16.0.32228.343
MinimumVisualStudioVersion = 10.0.40219.1
Project("{FAE04EC0-301F-11D3-BF4B-00C04F79EFBC}") = "les5_getters en setters", "les5_getters en setters\les5_getters en setters.csproj", "{69B8667D-B20C-4FB5-9E84-EE97AD2F4423}"
EndProject
Global
	GlobalSection(SolutionConfigurationPlatforms) = preSolution
		Debug|Any CPU = Debug|Any CPU
		Release|Any CPU = Release|Any CPU
	EndGlobalSection
	GlobalSection(ProjectConfigurationPlatforms) = postSolution
		{69B8667D-B20C-4FB5-9E84-EE97AD2F4423}.Debug|Any CPU.ActiveCfg = Debug|Any CPU
		{69B8667D-B20C-4FB5-9E84-EE97AD2F4423}.Debug|Any CPU.Build.0 = Debug|Any CPU
		{69B8667D-B20C-4FB5-9E84-EE97AD2F4423}.Release|Any CPU.ActiveCfg = Release|Any CPU
		{69B8667D-B20C-4FB5-9E84-EE97AD2F4423}.Release|Any CPU.Build.0 = Release|Any CPU
	EndGlobalSection
	GlobalSection(SolutionProperties) = preSolution
		HideSolutionNode = FALSE
	EndGlobalSection
	GlobalSection(ExtensibilityGlobals) = postSolution
		SolutionGuid = {D2D2E029-7739-4D2D-9EF8-52CAE4F7FBF4}
	EndGlobalSection
EndGlobal
