
Microsoft Visual Studio Solution File, Format Version 12.00
# Visual Studio Version 16
VisualStudioVersion = 16.0.32126.315
MinimumVisualStudioVersion = 10.0.40219.1
Project("{FAE04EC0-301F-11D3-BF4B-00C04F79EFBC}") = "Variables_and_Datatypes", "Variables_and_Datatypes\Variables_and_Datatypes.csproj", "{784DB73E-D658-4C00-815E-5D7102F1D75E}"
EndProject
Global
	GlobalSection(SolutionConfigurationPlatforms) = preSolution
		Debug|Any CPU = Debug|Any CPU
		Release|Any CPU = Release|Any CPU
	EndGlobalSection
	GlobalSection(ProjectConfigurationPlatforms) = postSolution
		{784DB73E-D658-4C00-815E-5D7102F1D75E}.Debug|Any CPU.ActiveCfg = Debug|Any CPU
		{784DB73E-D658-4C00-815E-5D7102F1D75E}.Debug|Any CPU.Build.0 = Debug|Any CPU
		{784DB73E-D658-4C00-815E-5D7102F1D75E}.Release|Any CPU.ActiveCfg = Release|Any CPU
		{784DB73E-D658-4C00-815E-5D7102F1D75E}.Release|Any CPU.Build.0 = Release|Any CPU
	EndGlobalSection
	GlobalSection(SolutionProperties) = preSolution
		HideSolutionNode = FALSE
	EndGlobalSection
	GlobalSection(ExtensibilityGlobals) = postSolution
		SolutionGuid = {C3FDFFFA-C086-4085-A113-FFFF58113AA4}
	EndGlobalSection
EndGlobal
